
Microsoft Visual Studio Solution File, Format Version 12.00
# Visual Studio Version 17
VisualStudioVersion = 17.0.31903.59
MinimumVisualStudioVersion = 10.0.40219.1
Project("{9A19103F-16F7-4668-BE54-9A1E7A4F7556}") = "Domain", "src\Domain\Domain.csproj", "{187A1942-05D8-4147-8BDA-B4A641596446}"
EndProject
Project("{9A19103F-16F7-4668-BE54-9A1E7A4F7556}") = "Infrastructure", "src\Infrastructure\Infrastructure.csproj", "{4B5976EC-9822-4143-8C18-09FDEDD2E7B4}"
EndProject
Project("{9A19103F-16F7-4668-BE54-9A1E7A4F7556}") = "Application", "src\Application\Application.csproj", "{0A3C0C71-8047-451A-8932-EF10256B7837}"
EndProject
Project("{2150E333-8FDC-42A3-9474-1A3956D46DE8}") = "src", "src", "{FED0B12F-4C5D-4628-BDCE-B84F4285CB69}"
EndProject
Project("{9A19103F-16F7-4668-BE54-9A1E7A4F7556}") = "WebAPI", "src\WebAPI\WebAPI.csproj", "{0B9E3D0C-40AA-49B1-87B1-A913FC0A0C06}"
EndProject
Project("{9A19103F-16F7-4668-BE54-9A1E7A4F7556}") = "DomainTests", "tests\DomainTests\DomainTests.csproj", "{5C390D15-25DD-4C1B-9D54-98B1452D35FF}"
EndProject
Project("{2150E333-8FDC-42A3-9474-1A3956D46DE8}") = "tests", "tests", "{98B824A8-BA26-4E8E-A8F4-2BFF5E0B6DB8}"
EndProject
Project("{9A19103F-16F7-4668-BE54-9A1E7A4F7556}") = "BaseTests", "tests\BaseTests\BaseTests.csproj", "{68496148-7E67-43C3-9839-2ECBB6A6B938}"
EndProject
Project("{9A19103F-16F7-4668-BE54-9A1E7A4F7556}") = "InfrastructureTests", "tests\InfrastructureTests\InfrastructureTests.csproj", "{F72A3033-C730-421F-A2E5-4D0AEFDC5D54}"
EndProject
Project("{9A19103F-16F7-4668-BE54-9A1E7A4F7556}") = "Presentation", "src\Presentation\Presentation.csproj", "{6703DCD5-B475-4F53-BC7F-214780735F88}"
EndProject
Project("{9A19103F-16F7-4668-BE54-9A1E7A4F7556}") = "ApplicationTests", "tests\ApplicationTests\ApplicationTests.csproj", "{AE0855E2-9F01-466D-BAFD-59C4DD9A27D7}"
EndProject
Project("{2150E333-8FDC-42A3-9474-1A3956D46DE8}") = "Solution Items", "Solution Items", "{74648F5A-DE0F-4AE4-B601-4E7BE9587C80}"
	ProjectSection(SolutionItems) = preProject
		.editorconfig = .editorconfig
		.gitignore = .gitignore
		Directory.Build.props = Directory.Build.props
		LICENSE = LICENSE
		PublicKey.snk = PublicKey.snk
		README.md = README.md
		schema.wsd = schema.wsd
	EndProjectSection
EndProject
Global
	GlobalSection(SolutionConfigurationPlatforms) = preSolution
		Debug|x64 = Debug|x64
		Release|x64 = Release|x64
	EndGlobalSection
	GlobalSection(ProjectConfigurationPlatforms) = postSolution
		{187A1942-05D8-4147-8BDA-B4A641596446}.Debug|x64.ActiveCfg = Debug|x64
		{187A1942-05D8-4147-8BDA-B4A641596446}.Debug|x64.Build.0 = Debug|x64
		{187A1942-05D8-4147-8BDA-B4A641596446}.Release|x64.ActiveCfg = Release|x64
		{187A1942-05D8-4147-8BDA-B4A641596446}.Release|x64.Build.0 = Release|x64
		{4B5976EC-9822-4143-8C18-09FDEDD2E7B4}.Debug|x64.ActiveCfg = Debug|x64
		{4B5976EC-9822-4143-8C18-09FDEDD2E7B4}.Debug|x64.Build.0 = Debug|x64
		{4B5976EC-9822-4143-8C18-09FDEDD2E7B4}.Release|x64.ActiveCfg = Release|x64
		{4B5976EC-9822-4143-8C18-09FDEDD2E7B4}.Release|x64.Build.0 = Release|x64
		{0A3C0C71-8047-451A-8932-EF10256B7837}.Debug|x64.ActiveCfg = Debug|x64
		{0A3C0C71-8047-451A-8932-EF10256B7837}.Debug|x64.Build.0 = Debug|x64
		{0A3C0C71-8047-451A-8932-EF10256B7837}.Release|x64.ActiveCfg = Release|x64
		{0A3C0C71-8047-451A-8932-EF10256B7837}.Release|x64.Build.0 = Release|x64
		{0B9E3D0C-40AA-49B1-87B1-A913FC0A0C06}.Debug|x64.ActiveCfg = Debug|x64
		{0B9E3D0C-40AA-49B1-87B1-A913FC0A0C06}.Debug|x64.Build.0 = Debug|x64
		{0B9E3D0C-40AA-49B1-87B1-A913FC0A0C06}.Release|x64.ActiveCfg = Release|x64
		{0B9E3D0C-40AA-49B1-87B1-A913FC0A0C06}.Release|x64.Build.0 = Release|x64
		{5C390D15-25DD-4C1B-9D54-98B1452D35FF}.Debug|x64.ActiveCfg = Debug|x64
		{5C390D15-25DD-4C1B-9D54-98B1452D35FF}.Debug|x64.Build.0 = Debug|x64
		{5C390D15-25DD-4C1B-9D54-98B1452D35FF}.Release|x64.ActiveCfg = Release|x64
		{5C390D15-25DD-4C1B-9D54-98B1452D35FF}.Release|x64.Build.0 = Release|x64
		{68496148-7E67-43C3-9839-2ECBB6A6B938}.Debug|x64.ActiveCfg = Debug|x64
		{68496148-7E67-43C3-9839-2ECBB6A6B938}.Debug|x64.Build.0 = Debug|x64
		{68496148-7E67-43C3-9839-2ECBB6A6B938}.Release|x64.ActiveCfg = Release|x64
		{68496148-7E67-43C3-9839-2ECBB6A6B938}.Release|x64.Build.0 = Release|x64
		{F72A3033-C730-421F-A2E5-4D0AEFDC5D54}.Debug|x64.ActiveCfg = Debug|x64
		{F72A3033-C730-421F-A2E5-4D0AEFDC5D54}.Debug|x64.Build.0 = Debug|x64
		{F72A3033-C730-421F-A2E5-4D0AEFDC5D54}.Release|x64.ActiveCfg = Release|x64
		{F72A3033-C730-421F-A2E5-4D0AEFDC5D54}.Release|x64.Build.0 = Release|x64
		{6703DCD5-B475-4F53-BC7F-214780735F88}.Debug|x64.ActiveCfg = Debug|x64
		{6703DCD5-B475-4F53-BC7F-214780735F88}.Debug|x64.Build.0 = Debug|x64
		{6703DCD5-B475-4F53-BC7F-214780735F88}.Release|x64.ActiveCfg = Release|x64
		{6703DCD5-B475-4F53-BC7F-214780735F88}.Release|x64.Build.0 = Release|x64
		{AE0855E2-9F01-466D-BAFD-59C4DD9A27D7}.Debug|x64.ActiveCfg = Debug|x64
		{AE0855E2-9F01-466D-BAFD-59C4DD9A27D7}.Debug|x64.Build.0 = Debug|x64
		{AE0855E2-9F01-466D-BAFD-59C4DD9A27D7}.Release|x64.ActiveCfg = Release|x64
		{AE0855E2-9F01-466D-BAFD-59C4DD9A27D7}.Release|x64.Build.0 = Release|x64
	EndGlobalSection
	GlobalSection(SolutionProperties) = preSolution
		HideSolutionNode = FALSE
	EndGlobalSection
	GlobalSection(NestedProjects) = preSolution
		{187A1942-05D8-4147-8BDA-B4A641596446} = {FED0B12F-4C5D-4628-BDCE-B84F4285CB69}
		{4B5976EC-9822-4143-8C18-09FDEDD2E7B4} = {FED0B12F-4C5D-4628-BDCE-B84F4285CB69}
		{0A3C0C71-8047-451A-8932-EF10256B7837} = {FED0B12F-4C5D-4628-BDCE-B84F4285CB69}
		{0B9E3D0C-40AA-49B1-87B1-A913FC0A0C06} = {FED0B12F-4C5D-4628-BDCE-B84F4285CB69}
		{5C390D15-25DD-4C1B-9D54-98B1452D35FF} = {98B824A8-BA26-4E8E-A8F4-2BFF5E0B6DB8}
		{68496148-7E67-43C3-9839-2ECBB6A6B938} = {98B824A8-BA26-4E8E-A8F4-2BFF5E0B6DB8}
		{F72A3033-C730-421F-A2E5-4D0AEFDC5D54} = {98B824A8-BA26-4E8E-A8F4-2BFF5E0B6DB8}
		{6703DCD5-B475-4F53-BC7F-214780735F88} = {FED0B12F-4C5D-4628-BDCE-B84F4285CB69}
		{AE0855E2-9F01-466D-BAFD-59C4DD9A27D7} = {98B824A8-BA26-4E8E-A8F4-2BFF5E0B6DB8}
	EndGlobalSection
	GlobalSection(ExtensibilityGlobals) = postSolution
		SolutionGuid = {8C2C98A4-09CD-4243-9E78-870E54AF080A}
		RESX_SortFileContentOnSave = True
		RESX_SaveFilesImmediatelyUponChange = True
	EndGlobalSection
EndGlobal
